{
  "name": "ttpotm",
  "lockfileVersion": 3,
  "requires": true,
  "packages": {
    "": {
      "name": "ttpotm",
      "dependencies": {
        "fuse.js": "^6.6.2",
        "sassline": "^2.1.2"
      },
      "devDependencies": {
        "handlebars": "^4.7.8",
        "metalsmith": "^2.7.0",
        "metalsmith-alias": "^0.2.0",
        "metalsmith-collections": "^0.9.0",
        "metalsmith-copy": "^0.4.1",
        "metalsmith-date-formatter": "^1.0.2",
        "metalsmith-layouts": "^1.8.1",
        "metalsmith-markdown": "^1.3.0",
        "metalsmith-pagination": "^1.5.0",
        "metalsmith-paths": "^4.0.6",
        "metalsmith-permalinks": "0.5.0",
        "metalsmith-sitemap": "^1.2.2"
      }
    },
    "node_modules/@sinonjs/commons": {
      "version": "3.0.1",
      "resolved": "https://registry.npmjs.org/@sinonjs/commons/-/commons-3.0.1.tgz",
      "integrity": "sha512-K3mCHKQ9sVh8o1C9cxkwxaOmXoAMlDxC1mYyHrjqOWEcBjYr76t96zL2zlj5dUGZ3HSw240X1qgH3Mjf1yJWpQ==",
      "dev": true,
      "license": "BSD-3-Clause",
      "dependencies": {
        "type-detect": "4.0.8"
      }
    },
    "node_modules/@sinonjs/fake-timers": {
      "version": "10.3.0",
      "resolved": "https://registry.npmjs.org/@sinonjs/fake-timers/-/fake-timers-10.3.0.tgz",
      "integrity": "sha512-V4BG07kuYSUkTCSBHG8G8TNhM+F19jXFWnQtzj+we8DrkpSBCee9Z3Ms8yiGer/dlmhe35/Xdgyo3/0rQKg7YA==",
      "dev": true,
      "license": "BSD-3-Clause",
      "dependencies": {
        "@sinonjs/commons": "^3.0.0"
      }
    },
    "node_modules/@sinonjs/samsam": {
      "version": "8.0.3",
      "resolved": "https://registry.npmjs.org/@sinonjs/samsam/-/samsam-8.0.3.tgz",
      "integrity": "sha512-hw6HbX+GyVZzmaYNh82Ecj1vdGZrqVIn/keDTg63IgAwiQPO+xCz99uG6Woqgb4tM0mUiFENKZ4cqd7IX94AXQ==",
      "dev": true,
      "license": "BSD-3-Clause",
      "dependencies": {
        "@sinonjs/commons": "^3.0.1",
        "type-detect": "^4.1.0"
      }
    },
    "node_modules/@sinonjs/samsam/node_modules/type-detect": {
      "version": "4.1.0",
      "resolved": "https://registry.npmjs.org/type-detect/-/type-detect-4.1.0.tgz",
      "integrity": "sha512-Acylog8/luQ8L7il+geoSxhEkazvkslg7PSNKOX59mbB9cOveP5aq9h74Y7YU8yDpJwetzQQrfIwtf4Wp4LKcw==",
      "dev": true,
      "license": "MIT",
      "engines": {
        "node": ">=4"
      }
    },
    "node_modules/@sinonjs/text-encoding": {
      "version": "0.7.3",
      "resolved": "https://registry.npmjs.org/@sinonjs/text-encoding/-/text-encoding-0.7.3.tgz",
      "integrity": "sha512-DE427ROAphMQzU4ENbliGYrBSYPXF+TtLg9S8vzeA+OF4ZKzoDdzfL8sxuMUGS/lgRhM6j1URSk9ghf7Xo1tyA==",
      "deprecated": "Deprecated: no longer maintained and no longer used by Sinon packages. See\n  https://github.com/sinonjs/nise/issues/243 for replacement details.",
      "dev": true,
      "license": "(Unlicense OR Apache-2.0)"
    },
    "node_modules/argparse": {
      "version": "1.0.10",
      "resolved": "https://registry.npmjs.org/argparse/-/argparse-1.0.10.tgz",
      "integrity": "sha512-o5Roy6tNG4SL/FOkCAN6RzjiakZS25RLYFrcMttJqbdd8BWrnA+fGz57iN5Pb06pvBGvl5gQ0B48dJlslXvoTg==",
      "dev": true,
      "license": "MIT",
      "dependencies": {
        "sprintf-js": "~1.0.2"
      }
    },
    "node_modules/array-differ": {
      "version": "1.0.0",
      "resolved": "https://registry.npmjs.org/array-differ/-/array-differ-1.0.0.tgz",
      "integrity": "sha512-LeZY+DZDRnvP7eMuQ6LHfCzUGxAAIViUBliK24P3hWXL6y4SortgR6Nim6xrkfSLlmH0+k+9NYNwVC2s53ZrYQ==",
      "dev": true,
      "license": "MIT",
      "engines": {
        "node": ">=0.10.0"
      }
    },
    "node_modules/array-union": {
      "version": "1.0.2",
      "resolved": "https://registry.npmjs.org/array-union/-/array-union-1.0.2.tgz",
      "integrity": "sha512-Dxr6QJj/RdU/hCaBjOfxW+q6lyuVE6JFWIrAUpuOOhoJJoQ99cUn3igRaHVB5P9WrgFVN0FfArM3x0cueOU8ng==",
      "dev": true,
      "license": "MIT",
      "dependencies": {
        "array-uniq": "^1.0.1"
      },
      "engines": {
        "node": ">=0.10.0"
      }
    },
    "node_modules/array-uniq": {
      "version": "1.0.3",
      "resolved": "https://registry.npmjs.org/array-uniq/-/array-uniq-1.0.3.tgz",
      "integrity": "sha512-MNha4BWQ6JbwhFhj03YK552f7cb3AzoE8SzeljgChvL1dl3IcvggXVz1DilzySZkCja+CXuZbdW7yATchWn8/Q==",
      "dev": true,
      "license": "MIT",
      "engines": {
        "node": ">=0.10.0"
      }
    },
    "node_modules/arrify": {
      "version": "1.0.1",
      "resolved": "https://registry.npmjs.org/arrify/-/arrify-1.0.1.tgz",
      "integrity": "sha512-3CYzex9M9FGQjCGMGyi6/31c8GJbgb0qGyrx5HWxPd0aCwh4cB2YjMb2Xf9UuoogrMrlO9cTqnB5rI5GHZTcUA==",
      "dev": true,
      "license": "MIT",
      "engines": {
        "node": ">=0.10.0"
      }
    },
    "node_modules/async": {
      "version": "1.5.2",
      "resolved": "https://registry.npmjs.org/async/-/async-1.5.2.tgz",
      "integrity": "sha512-nSVgobk4rv61R9PUSDtYt7mPVB2olxNR5RWJcAsH676/ef11bUZwvu7+RGYrYauVdDPcO519v68wRhXQtxsV9w==",
      "dev": true,
      "license": "MIT"
    },
    "node_modules/balanced-match": {
      "version": "1.0.2",
      "resolved": "https://registry.npmjs.org/balanced-match/-/balanced-match-1.0.2.tgz",
      "integrity": "sha512-3oSeUO0TMV67hN1AmbXsK4yaqU7tjiHlbxRDZOpH0KW9+CeX4bRAaX0Anxt0tx2MrpRpWwQaPwIlISEJhYU5Pw==",
      "dev": true,
      "license": "MIT"
    },
    "node_modules/bluebird": {
      "version": "3.7.2",
      "resolved": "https://registry.npmjs.org/bluebird/-/bluebird-3.7.2.tgz",
      "integrity": "sha512-XpNj6GDQzdfW+r2Wnn7xiSAd7TM3jzkxGXBGTtWKuSXv1xUV+azxAm8jdWZN06QTQk+2N2XB9jRDkvbmQmcRtg==",
      "dev": true,
      "license": "MIT"
    },
    "node_modules/brace-expansion": {
      "version": "1.1.14",
      "resolved": "https://registry.npmjs.org/brace-expansion/-/brace-expansion-1.1.14.tgz",
      "integrity": "sha512-MWPGfDxnyzKU7rNOW9SP/c50vi3xrmrua/+6hfPbCS2ABNWfx24vPidzvC7krjU/RTo235sV776ymlsMtGKj8g==",
      "dev": true,
      "license": "MIT",
      "dependencies": {
        "balanced-match": "^1.0.0",
        "concat-map": "0.0.1"
      }
    },
    "node_modules/braces": {
      "version": "3.0.3",
      "resolved": "https://registry.npmjs.org/braces/-/braces-3.0.3.tgz",
      "integrity": "sha512-yQbXgO/OSZVD2IsiLlro+7Hf6Q18EJrKSEsdoMzKePKXct3gvD8oLcOQdIzGupr5Fj+EDe8gO/lxc1BzfMpxvA==",
      "dev": true,
      "license": "MIT",
      "dependencies": {
        "fill-range": "^7.1.1"
      },
      "engines": {
        "node": ">=8"
      }
    },
    "node_modules/chokidar": {
      "version": "4.0.3",
      "resolved": "https://registry.npmjs.org/chokidar/-/chokidar-4.0.3.tgz",
      "integrity": "sha512-Qgzu8kfBvo+cA4962jnP1KkS6Dop5NS6g7R5LFYJr4b8Ub94PPQXUksCw9PvXoeXPRRddRNC5C1JQUR2SMGtnA==",
      "dev": true,
      "license": "MIT",
      "dependencies": {
        "readdirp": "^4.0.1"
      },
      "engines": {
        "node": ">= 14.16.0"
      },
      "funding": {
        "url": "https://paulmillr.com/funding/"
      }
    },
    "node_modules/co": {
      "version": "3.1.0",
      "resolved": "https://registry.npmjs.org/co/-/co-3.1.0.tgz",
      "integrity": "sha512-CQsjCRiNObI8AtTsNIBDRMQ4oMR83CzEswHYahClvul7gKk+lDQiOKv+5qh7LQWf5sh6jkZNispz/QlsZxyNgA==",
      "dev": true,
      "license": "MIT"
    },
    "node_modules/commander": {
      "version": "11.1.0",
      "resolved": "https://registry.npmjs.org/commander/-/commander-11.1.0.tgz",
      "integrity": "sha512-yPVavfyCcRhmorC7rWlkHn15b4wDVgVmBA7kV4QVBsF7kv/9TKJAbAXVTxvTnwP8HHKjRCJDClKbciiYS7p0DQ==",
      "dev": true,
      "license": "MIT",
      "engines": {
        "node": ">=16"
      }
    },
    "node_modules/component-props": {
      "version": "1.1.1",
      "resolved": "https://registry.npmjs.org/component-props/-/component-props-1.1.1.tgz",
      "integrity": "sha512-69pIRJs9fCCHRqCz3390YF2LV1Lu6iEMZ5zuVqqUn+G20V9BNXlMs0cWawWeW9g4Ynmg29JmkG6R7/lUJoGd1Q==",
      "dev": true
    },
    "node_modules/concat-map": {
      "version": "0.0.1",
      "resolved": "https://registry.npmjs.org/concat-map/-/concat-map-0.0.1.tgz",
      "integrity": "sha512-/Srv4dswyQNBfohGpz9o6Yb3Gz3SrUDqBH5rTuhGR7ahtlbYKnVxw2bCFMRljaA7EXHaXZ8wsHdodFvbkhKmqg==",
      "dev": true,
      "license": "MIT"
    },
    "node_modules/consolidate": {
      "version": "0.14.5",
      "resolved": "https://registry.npmjs.org/consolidate/-/consolidate-0.14.5.tgz",
      "integrity": "sha512-PZFskfj64QnpKVK9cPdY36pyWEhZNM+srRVqtwMiVTlnViSoZcvX35PpBhhUcyLTHXYvz7pZRmxvsqwzJqg9kA==",
      "deprecated": "Please upgrade to consolidate v1.0.0+ as it has been modernized with several long-awaited fixes implemented. Maintenance is supported by Forward Email at https://forwardemail.net ; follow/watch https://github.com/ladjs/consolidate for updates and release changelog",
      "dev": true,
      "license": "MIT",
      "dependencies": {
        "bluebird": "^3.1.1"
      }
    },
    "node_modules/debug": {
      "version": "4.4.3",
      "resolved": "https://registry.npmjs.org/debug/-/debug-4.4.3.tgz",
      "integrity": "sha512-RGwwWnwQvkVfavKVt22FGLw+xYSdzARwm0ru6DhTVA3umU5hZc28V3kO4stgYryrTlLpuvgI9GiijltAjNbcqA==",
      "dev": true,
      "license": "MIT",
      "dependencies": {
        "ms": "^2.1.3"
      },
      "engines": {
        "node": ">=6.0"
      },
      "peerDependenciesMeta": {
        "supports-color": {
          "optional": true
        }
      }
    },
    "node_modules/diff": {
      "version": "5.2.2",
      "resolved": "https://registry.npmjs.org/diff/-/diff-5.2.2.tgz",
      "integrity": "sha512-vtcDfH3TOjP8UekytvnHH1o1P4FcUdt4eQ1Y+Abap1tk/OB2MWQvcwS2ClCd1zuIhc3JKOx6p3kod8Vfys3E+A==",
      "dev": true,
      "license": "BSD-3-Clause",
      "engines": {
        "node": ">=0.3.1"
      }
    },
    "node_modules/esprima": {
      "version": "4.0.1",
      "resolved": "https://registry.npmjs.org/esprima/-/esprima-4.0.1.tgz",
      "integrity": "sha512-eGuFFw7Upda+g4p+QHvnW0RyTX/SVeJBDM/gCtMARO0cLuT2HcEKnTPvhjV6aGeqrCB/sbNop0Kszm0jsaWU4A==",
      "dev": true,
      "license": "BSD-2-Clause",
      "bin": {
        "esparse": "bin/esparse.js",
        "esvalidate": "bin/esvalidate.js"
      },
      "engines": {
        "node": ">=4"
      }
    },
    "node_modules/extend": {
      "version": "3.0.2",
      "resolved": "https://registry.npmjs.org/extend/-/extend-3.0.2.tgz",
      "integrity": "sha512-fjquC59cD7CyW6urNXK0FBufkZcoiGG80wTuPujX590cB5Ttln20E2UB4S/WARVqhXffZl2LNgS+gQdPIIim/g==",
      "dev": true,
      "license": "MIT"
    },
    "node_modules/extend-shallow": {
      "version": "2.0.1",
      "resolved": "https://registry.npmjs.org/extend-shallow/-/extend-shallow-2.0.1.tgz",
      "integrity": "sha512-zCnTtlxNoAiDc3gqY2aYAWFx7XWWiasuF2K8Me5WbN8otHKTUKBwjPtNpRs/rbUZm7KxWAaNj7P1a/p52GbVug==",
      "dev": true,
      "license": "MIT",
      "dependencies": {
        "is-extendable": "^0.1.0"
      },
      "engines": {
        "node": ">=0.10.0"
      }
    },
    "node_modules/fill-range": {
      "version": "7.1.1",
      "resolved": "https://registry.npmjs.org/fill-range/-/fill-range-7.1.1.tgz",
      "integrity": "sha512-YsGpe3WHLK8ZYi4tWDg2Jy3ebRz2rXowDxnld4bkQB00cc/1Zw9AWnC0i9ztDJitivtQvaI9KaLyKrc+hBW0yg==",
      "dev": true,
      "license": "MIT",
      "dependencies": {
        "to-regex-range": "^5.0.1"
      },
      "engines": {
        "node": ">=8"
      }
    },
    "node_modules/fs-readdir-recursive": {
      "version": "1.1.0",
      "resolved": "https://registry.npmjs.org/fs-readdir-recursive/-/fs-readdir-recursive-1.1.0.tgz",
      "integrity": "sha512-GNanXlVr2pf02+sPN40XN8HG+ePaNcvM0q5mZBd668Obwb0yD5GiUbZOFgwn8kGMY6I3mdyDJzieUy3PTYyTRA==",
      "dev": true,
      "license": "MIT"
    },
    "node_modules/fuse.js": {
      "version": "6.6.2",
      "resolved": "https://registry.npmjs.org/fuse.js/-/fuse.js-6.6.2.tgz",
      "integrity": "sha512-cJaJkxCCxC8qIIcPBF9yGxY0W/tVZS3uEISDxhYIdtk8OL93pe+6Zj7LjCqVV4dzbqcriOZ+kQ/NE4RXZHsIGA==",
      "license": "Apache-2.0",
      "engines": {
        "node": ">=10"
      }
    },
    "node_modules/gray-matter": {
      "version": "4.0.3",
      "resolved": "https://registry.npmjs.org/gray-matter/-/gray-matter-4.0.3.tgz",
      "integrity": "sha512-5v6yZd4JK3eMI3FqqCouswVqwugaA9r4dNZB1wwcmrD02QkV5H0y7XBQW8QwQqEaZY1pM9aqORSORhJRdNK44Q==",
      "dev": true,
      "license": "MIT",
      "dependencies": {
        "js-yaml": "^3.13.1",
        "kind-of": "^6.0.2",
        "section-matter": "^1.0.0",
        "strip-bom-string": "^1.0.0"
      },
      "engines": {
        "node": ">=6.0"
      }
    },
    "node_modules/handlebars": {
      "version": "4.7.9",
      "resolved": "https://registry.npmjs.org/handlebars/-/handlebars-4.7.9.tgz",
      "integrity": "sha512-4E71E0rpOaQuJR2A3xDZ+GM1HyWYv1clR58tC8emQNeQe3RH7MAzSbat+V0wG78LQBo6m6bzSG/L4pBuCsgnUQ==",
      "dev": true,
      "license": "MIT",
      "dependencies": {
        "minimist": "^1.2.5",
        "neo-async": "^2.6.2",
        "source-map": "^0.6.1",
        "wordwrap": "^1.0.0"
      },
      "bin": {
        "handlebars": "bin/handlebars"
      },
      "engines": {
        "node": ">=0.4.7"
      },
      "optionalDependencies": {
        "uglify-js": "^3.1.4"
      }
    },
    "node_modules/has-flag": {
      "version": "4.0.0",
      "resolved": "https://registry.npmjs.org/has-flag/-/has-flag-4.0.0.tgz",
      "integrity": "sha512-EykJT/Q1KjTWctppgIAgfSO0tKVuZUjhgMr17kqTumMl6Afv3EISleU7qZUzoXDFTAHTDC4NOoG/ZxU3EvlMPQ==",
      "dev": true,
      "license": "MIT",
      "engines": {
        "node": ">=8"
      }
    },
    "node_modules/is": {
      "version": "3.3.2",
      "resolved": "https://registry.npmjs.org/is/-/is-3.3.2.tgz",
      "integrity": "sha512-a2xr4E3s1PjDS8ORcGgXpWx6V+liNs+O3JRD2mb9aeugD7rtkkZ0zgLdYgw0tWsKhsdiezGYptSiMlVazCBTuQ==",
      "dev": true,
      "license": "MIT",
      "engines": {
        "node": ">= 0.4"
      }
    },
    "node_modules/is-extendable": {
      "version": "0.1.1",
      "resolved": "https://registry.npmjs.org/is-extendable/-/is-extendable-0.1.1.tgz",
      "integrity": "sha512-5BMULNob1vgFX6EjQw5izWDxrecWK9AM72rugNr0TFldMOi0fj6Jk+zeKIt0xGj4cEfQIJth4w3OKWOJ4f+AFw==",
      "dev": true,
      "license": "MIT",
      "engines": {
        "node": ">=0.10.0"
      }
    },
    "node_modules/is-number": {
      "version": "7.0.0",
      "resolved": "https://registry.npmjs.org/is-number/-/is-number-7.0.0.tgz",
      "integrity": "sha512-41Cifkg6e8TylSpdtTpeLVMqvSBEVzTttHvERD741+pnZ8ANv0004MRL43QKPDlK9cGvNp6NZWZUBlbGXYxxng==",
      "dev": true,
      "license": "MIT",
      "engines": {
        "node": ">=0.12.0"
      }
    },
    "node_modules/is-utf8": {
      "version": "0.2.1",
      "resolved": "https://registry.npmjs.org/is-utf8/-/is-utf8-0.2.1.tgz",
      "integrity": "sha512-rMYPYvCzsXywIsldgLaSoPlw5PfoB/ssr7hY4pLfcodrA5M/eArza1a9VmTiNIBNMjOGr1Ow9mTyU2o69U6U9Q==",
      "dev": true,
      "license": "MIT"
    },
    "node_modules/js-yaml": {
      "version": "3.14.2",
      "resolved": "https://registry.npmjs.org/js-yaml/-/js-yaml-3.14.2.tgz",
      "integrity": "sha512-PMSmkqxr106Xa156c2M265Z+FTrPl+oxd/rgOQy2tijQeK5TxQ43psO1ZCwhVOSdnn+RzkzlRz/eY4BgJBYVpg==",
      "dev": true,
      "license": "MIT",
      "dependencies": {
        "argparse": "^1.0.7",
        "esprima": "^4.0.0"
      },
      "bin": {
        "js-yaml": "bin/js-yaml.js"
      }
    },
    "node_modules/just-extend": {
      "version": "6.2.0",
      "resolved": "https://registry.npmjs.org/just-extend/-/just-extend-6.2.0.tgz",
      "integrity": "sha512-cYofQu2Xpom82S6qD778jBDpwvvy39s1l/hrYij2u9AMdQcGRpaBu6kY4mVhuno5kJVi1DAz4aiphA2WI1/OAw==",
      "dev": true,
      "license": "MIT"
    },
    "node_modules/kind-of": {
      "version": "6.0.3",
      "resolved": "https://registry.npmjs.org/kind-of/-/kind-of-6.0.3.tgz",
      "integrity": "sha512-dcS1ul+9tmeD95T+x28/ehLgd9mENa3LsvDTtzm3vyBEO7RPptvAD+t44WVXaUjTBRcrpFeFlC8WCruUR456hw==",
      "dev": true,
      "license": "MIT",
      "engines": {
        "node": ">=0.10.0"
      }
    },
    "node_modules/lodash": {
      "version": "4.18.1",
      "resolved": "https://registry.npmjs.org/lodash/-/lodash-4.18.1.tgz",
      "integrity": "sha512-dMInicTPVE8d1e5otfwmmjlxkZoUpiVLwyeTdUsi/Caj/gfzzblBcCE5sRHV/AsjuCmxWrte2TNGSYuCeCq+0Q==",
      "dev": true,
      "license": "MIT"
    },
    "node_modules/lodash._arrayeach": {
      "version": "3.0.0",
      "resolved": "https://registry.npmjs.org/lodash._arrayeach/-/lodash._arrayeach-3.0.0.tgz",
      "integrity": "sha512-Mn7HidOVcl3mkQtbPsuKR0Fj0N6Q6DQB77CtYncZcJc0bx5qv2q4Gl6a0LC1AN+GSxpnBDNnK3CKEm9XNA4zqQ==",
      "dev": true,
      "license": "MIT"
    },
    "node_modules/lodash._basecallback": {
      "version": "3.3.1",
      "resolved": "https://registry.npmjs.org/lodash._basecallback/-/lodash._basecallback-3.3.1.tgz",
      "integrity": "sha512-LQffghuO63ufDY33KKO1ezGKbcFZK3ngYV7JpxaUomoM5acf0YeXU3Pm8csVE0girVs50TXzfNibl69Co3ggJA==",
      "dev": true,
      "license": "MIT",
      "dependencies": {
        "lodash._baseisequal": "^3.0.0",
        "lodash._bindcallback": "^3.0.0",
        "lodash.isarray": "^3.0.0",
        "lodash.pairs": "^3.0.0"
      }
    },
    "node_modules/lodash._basecreate": {
      "version": "3.0.3",
      "resolved": "https://registry.npmjs.org/lodash._basecreate/-/lodash._basecreate-3.0.3.tgz",
      "integrity": "sha512-EDem6C9iQpn7fxnGdmhXmqYGjCkStmDXT4AeyB2Ph8WKbglg4aJZczNkQglj+zWXcOEEkViK8THuV2JvugW47g==",
      "dev": true,
      "license": "MIT"
    },
    "node_modules/lodash._baseflatten": {
      "version": "3.1.4",
      "resolved": "https://registry.npmjs.org/lodash._baseflatten/-/lodash._baseflatten-3.1.4.tgz",
      "integrity": "sha512-fESngZd+X4k+GbTxdMutf8ohQa0s3sJEHIcwtu4/LsIQ2JTDzdRxDCMQjW+ezzwRitLmHnacVVmosCbxifefbw==",
      "dev": true,
      "license": "MIT",
      "dependencies": {
        "lodash.isarguments": "^3.0.0",
        "lodash.isarray": "^3.0.0"
      }
    },
    "node_modules/lodash._basefor": {
      "version": "3.0.3",
      "resolved": "https://registry.npmjs.org/lodash._basefor/-/lodash._basefor-3.0.3.tgz",
      "integrity": "sha512-6bc3b8grkpMgDcVJv9JYZAk/mHgcqMljzm7OsbmcE2FGUMmmLQTPHlh/dFqR8LA0GQ7z4K67JSotVKu5058v1A==",
      "dev": true,
      "license": "MIT"
    },
    "node_modules/lodash._baseget": {
      "version": "3.7.2",
      "resolved": "https://registry.npmjs.org/lodash._baseget/-/lodash._baseget-3.7.2.tgz",
      "integrity": "sha512-OgVr3AufoSqlh6eHWOLdLzRdn6TU3LlEGQjtsyLr9XRtPoXUywzquM1uYE+qQAno1kB9CvpI1gsvGwiVwPinog==",
      "dev": true,
      "license": "MIT"
    },
    "node_modules/lodash._baseisequal": {
      "version": "3.0.7",
      "resolved": "https://registry.npmjs.org/lodash._baseisequal/-/lodash._baseisequal-3.0.7.tgz",
      "integrity": "sha512-U+3GsNEZj9ebI03ncLC2pLmYVjgtYZEwdkAPO7UGgtGvAz36JVFPAQUufpSaVL93Cz5arc6JGRKZRhaOhyVJYA==",
      "dev": true,
      "license": "MIT",
      "dependencies": {
        "lodash.isarray": "^3.0.0",
        "lodash.istypedarray": "^3.0.0",
        "lodash.keys": "^3.0.0"
      }
    },
    "node_modules/lodash._bindcallback": {
      "version": "3.0.1",
      "resolved": "https://registry.npmjs.org/lodash._bindcallback/-/lodash._bindcallback-3.0.1.tgz",
      "integrity": "sha512-2wlI0JRAGX8WEf4Gm1p/mv/SZ+jLijpj0jyaE/AXeuQphzCgD8ZQW4oSpoN8JAopujOFGU3KMuq7qfHBWlGpjQ==",
      "dev": true,
      "license": "MIT"
    },
    "node_modules/lodash._getnative": {
      "version": "3.9.1",
      "resolved": "https://registry.npmjs.org/lodash._getnative/-/lodash._getnative-3.9.1.tgz",
      "integrity": "sha512-RrL9VxMEPyDMHOd9uFbvMe8X55X16/cGM5IgOKgRElQZutpX89iS6vwl64duTV1/16w5JY7tuFNXqoekmh1EmA==",
      "dev": true,
      "license": "MIT"
    },
    "node_modules/lodash._pickbyarray": {
      "version": "3.0.2",
      "resolved": "https://registry.npmjs.org/lodash._pickbyarray/-/lodash._pickbyarray-3.0.2.tgz",
      "integrity": "sha512-tHzBIfgugzI7HV0y8MJS1z/ryWDh8NyD6AV+so9vlplRnhD4qBuwoyDt7g241ad3F43YDFghCN+R3iaFd4Azvw==",
      "dev": true,
      "license": "MIT"
    },
    "node_modules/lodash._pickbycallback": {
      "version": "3.0.0",
      "resolved": "https://registry.npmjs.org/lodash._pickbycallback/-/lodash._pickbycallback-3.0.0.tgz",
      "integrity": "sha512-DVP27YmN0lB+j/Tgd/+gtxfmW/XihgWpQpHptBuwyp2fD9zEBRwwcnw6Qej16LUV8LRFuTqyoc0i6ON97d/C5w==",
      "dev": true,
      "license": "MIT",
      "dependencies": {
        "lodash._basefor": "^3.0.0",
        "lodash.keysin": "^3.0.0"
      }
    },
    "node_modules/lodash._topath": {
      "version": "3.8.1",
      "resolved": "https://registry.npmjs.org/lodash._topath/-/lodash._topath-3.8.1.tgz",
      "integrity": "sha512-QsF5c8A+Biv0oxuSCd05JqhXHPCjvFT0nMXVevfMgU1pp5iEHVSin2cKXi3lQe5+px285p7kAHVtOnbNE79syw==",
      "dev": true,
      "license": "MIT",
      "dependencies": {
        "lodash.isarray": "^3.0.0"
      }
    },
    "node_modules/lodash.clonedeepwith": {
      "version": "4.5.0",
      "resolved": "https://registry.npmjs.org/lodash.clonedeepwith/-/lodash.clonedeepwith-4.5.0.tgz",
      "integrity": "sha512-QRBRSxhbtsX1nc0baxSkkK5WlVTTm/s48DSukcGcWZwIyI8Zz+lB+kFiELJXtzfH4Aj6kMWQ1VWW4U5uUDgZMA==",
      "dev": true,
      "license": "MIT"
    },
    "node_modules/lodash.get": {
      "version": "3.7.0",
      "resolved": "https://registry.npmjs.org/lodash.get/-/lodash.get-3.7.0.tgz",
      "integrity": "sha512-7iD0aRHu/B8gcCDNx53lJi33R4TzpbOB3Mfk4XpIN7WFUt+W5rI+6CtHhpJ52B6zhhRvogtuNSDFZc3xgcbClQ==",
      "deprecated": "This package is deprecated. Use the optional chaining (?.) operator instead.",
      "dev": true,
      "license": "MIT",
      "dependencies": {
        "lodash._baseget": "^3.0.0",
        "lodash._topath": "^3.0.0"
      }
    },
    "node_modules/lodash.identity": {
      "version": "3.0.0",
      "resolved": "https://registry.npmjs.org/lodash.identity/-/lodash.identity-3.0.0.tgz",
      "integrity": "sha512-AupTIzdLQxJS5wIYUQlgGyk2XRTfGXA+MCghDHqZk0pzUNYvd3EESS6dkChNauNYVIutcb0dfHw1ri9Q1yPV8Q==",
      "dev": true,
      "license": "MIT"
    },
    "node_modules/lodash.isarguments": {
      "version": "3.1.0",
      "resolved": "https://registry.npmjs.org/lodash.isarguments/-/lodash.isarguments-3.1.0.tgz",
      "integrity": "sha512-chi4NHZlZqZD18a0imDHnZPrDeBbTtVN7GXMwuGdRH9qotxAjYs3aVLKc7zNOG9eddR5Ksd8rvFEBc9SsggPpg==",
      "dev": true,
      "license": "MIT"
    },
    "node_modules/lodash.isarray": {
      "version": "3.0.4",
      "resolved": "https://registry.npmjs.org/lodash.isarray/-/lodash.isarray-3.0.4.tgz",
      "integrity": "sha512-JwObCrNJuT0Nnbuecmqr5DgtuBppuCvGD9lxjFpAzwnVtdGoDQ1zig+5W8k5/6Gcn0gZ3936HDAlGd28i7sOGQ==",
      "dev": true,
      "license": "MIT"
    },
    "node_modules/lodash.isempty": {
      "version": "3.0.4",
      "resolved": "https://registry.npmjs.org/lodash.isempty/-/lodash.isempty-3.0.4.tgz",
      "integrity": "sha512-EBXf5c6dJX/YZvNqqdNlR1cFfGxPTih+jw4idJ9Iib3L2H9PHX190YWrg4g4Kjr7flNFlcAsXWWEYZhTGHNacw==",
      "dev": true,
      "license": "MIT",
      "dependencies": {
        "lodash.isarguments": "^3.0.0",
        "lodash.isarray": "^3.0.0",
        "lodash.isfunction": "^3.0.0",
        "lodash.isstring": "^3.0.0",
        "lodash.keys": "^3.0.0"
      }
    },
    "node_modules/lodash.isfunction": {
      "version": "3.0.9",
      "resolved": "https://registry.npmjs.org/lodash.isfunction/-/lodash.isfunction-3.0.9.tgz",
      "integrity": "sha512-AirXNj15uRIMMPihnkInB4i3NHeb4iBtNg9WRWuK2o31S+ePwwNmDPaTL3o7dTJ+VXNZim7rFs4rxN4YU1oUJw==",
      "dev": true,
      "license": "MIT"
    },
    "node_modules/lodash.isstring": {
      "version": "3.0.1",
      "resolved": "https://registry.npmjs.org/lodash.isstring/-/lodash.isstring-3.0.1.tgz",
      "integrity": "sha512-UiX/KDS9ryxRpGR1q6zSwV9LxsG6PbN3OCD73O48JiRfG1z0cG3LCl3X9AEEdluRNuxduz1u94rS6BW9vSl9Vw==",
      "dev": true,
      "license": "MIT"
    },
    "node_modules/lodash.istypedarray": {
      "version": "3.0.6",
      "resolved": "https://registry.npmjs.org/lodash.istypedarray/-/lodash.istypedarray-3.0.6.tgz",
      "integrity": "sha512-lGWJ6N8AA3KSv+ZZxlTdn4f6A7kMfpJboeyvbFdE7IU9YAgweODqmOgdUHOA+c6lVWeVLysdaxciFXi+foVsWw==",
      "dev": true,
      "license": "MIT"
    },
    "node_modules/lodash.keys": {
      "version": "3.1.2",
      "resolved": "https://registry.npmjs.org/lodash.keys/-/lodash.keys-3.1.2.tgz",
      "integrity": "sha512-CuBsapFjcubOGMn3VD+24HOAPxM79tH+V6ivJL3CHYjtrawauDJHUk//Yew9Hvc6e9rbCrURGk8z6PC+8WJBfQ==",
      "dev": true,
      "license": "MIT",
      "dependencies": {
        "lodash._getnative": "^3.0.0",
        "lodash.isarguments": "^3.0.0",
        "lodash.isarray": "^3.0.0"
      }
    },
    "node_modules/lodash.keysin": {
      "version": "3.0.8",
      "resolved": "https://registry.npmjs.org/lodash.keysin/-/lodash.keysin-3.0.8.tgz",
      "integrity": "sha512-YDB/5xkL3fBKFMDaC+cfGV00pbiJ6XoJIfRmBhv7aR6wWtbCW6IzkiWnTfkiHTF6ALD7ff83dAtB3OEaSoyQPg==",
      "dev": true,
      "license": "MIT",
      "dependencies": {
        "lodash.isarguments": "^3.0.0",
        "lodash.isarray": "^3.0.0"
      }
    },
    "node_modules/lodash.omit": {
      "version": "4.18.0",
      "resolved": "https://registry.npmjs.org/lodash.omit/-/lodash.omit-4.18.0.tgz",
      "integrity": "sha512-hZXIupXdHtocTnvIJ2aCd2vxKYtxex6gbiGuPvgBRnFQO9yu3AtmDAbVuCXcSsQx3INo/1g71OktlFFA/ES8Xg==",
      "dev": true,
      "license": "MIT"
    },
    "node_modules/lodash.pairs": {
      "version": "3.0.1",
      "resolved": "https://registry.npmjs.org/lodash.pairs/-/lodash.pairs-3.0.1.tgz",
      "integrity": "sha512-lgXvpU43ZNQrZ/pK2cR97YzKeAno3e3HhcyvLKsofljeHKrQcZhT1vW7fg4X61c92tM+mjD/DypoLZYuAKNIkQ==",
      "dev": true,
      "license": "MIT",
      "dependencies": {
        "lodash.keys": "^3.0.0"
      }
    },
    "node_modules/lodash.pick": {
      "version": "3.1.0",
      "resolved": "https://registry.npmjs.org/lodash.pick/-/lodash.pick-3.1.0.tgz",
      "integrity": "sha512-Y04wnFghB7l1dkYINfjdMLpeAGM1IYEjlsGFxvjeewCbVQUlD9jw3M20ThuNrsf6yGmuPLwj60PKP+D6gZ+o2w==",
      "deprecated": "This package is deprecated. Use destructuring assignment syntax instead.",
      "dev": true,
      "license": "MIT",
      "dependencies": {
        "lodash._baseflatten": "^3.0.0",
        "lodash._bindcallback": "^3.0.0",
        "lodash._pickbyarray": "^3.0.0",
        "lodash._pickbycallback": "^3.0.0",
        "lodash.restparam": "^3.0.0"
      }
    },
    "node_modules/lodash.restparam": {
      "version": "3.6.1",
      "resolved": "https://registry.npmjs.org/lodash.restparam/-/lodash.restparam-3.6.1.tgz",
      "integrity": "sha512-L4/arjjuq4noiUJpt3yS6KIKDtJwNe2fIYgMqyYYKoeIfV1iEqvPwhCx23o+R9dzouGihDAPN1dTIRWa7zk8tw==",
      "dev": true,
      "license": "MIT"
    },
    "node_modules/lodash.transform": {
      "version": "3.0.4",
      "resolved": "https://registry.npmjs.org/lodash.transform/-/lodash.transform-3.0.4.tgz",
      "integrity": "sha512-zYfIHAMTvacrHBeh2ihCdDcFEWzAlft2orIyFkAL/fjMR4LxnnY5RoxUTMRdzU1I1t4GufDjyLBOQUCPmd08iw==",
      "dev": true,
      "license": "MIT",
      "dependencies": {
        "lodash._arrayeach": "^3.0.0",
        "lodash._basecallback": "^3.0.0",
        "lodash._basecreate": "^3.0.0",
        "lodash._basefor": "^3.0.0",
        "lodash.isarray": "^3.0.0",
        "lodash.isfunction": "^3.0.0",
        "lodash.istypedarray": "^3.0.0",
        "lodash.keys": "^3.0.0"
      }
    },
    "node_modules/marked": {
      "version": "0.7.0",
      "resolved": "https://registry.npmjs.org/marked/-/marked-0.7.0.tgz",
      "integrity": "sha512-c+yYdCZJQrsRjTPhUx7VKkApw9bwDkNbHUKo1ovgcfDjb2kc8rLuRbIFyXL5WOEUwzSSKo3IXpph2K6DqB/KZg==",
      "dev": true,
      "license": "MIT",
      "bin": {
        "marked": "bin/marked"
      },
      "engines": {
        "node": ">=0.10.0"
      }
    },
    "node_modules/metalsmith": {
      "version": "2.7.0",
      "resolved": "https://registry.npmjs.org/metalsmith/-/metalsmith-2.7.0.tgz",
      "integrity": "sha512-DkoXO1jz0UY+k1tj1LpxYLrN+jeGKBicbtsQYeYF8nX9QK4AGyGh4g421qsmEOGfZ02GjW1qxr1XP+8afwcTGQ==",
      "dev": true,
      "license": "MIT",
      "dependencies": {
        "chokidar": "^4.0.3",
        "commander": "^11.1.0",
        "debug": "^4.4.3",
        "gray-matter": "^4.0.3",
        "is-utf8": "~0.2.0",
        "lodash.clonedeepwith": "^4.5.0",
        "micromatch": "^4.0.5",
        "stat-mode": "^1.0.0",
        "ware": "^1.3.0"
      },
      "bin": {
        "metalsmith": "bin/metalsmith"
      },
      "engines": {
        "node": ">=16.0.0"
      }
    },
    "node_modules/metalsmith-alias": {
      "version": "0.2.0",
      "resolved": "https://registry.npmjs.org/metalsmith-alias/-/metalsmith-alias-0.2.0.tgz",
      "integrity": "sha512-deLnFIYTQBGbTDmn6aG+HGC7gIQZ6KqJWX0BO408iix2KN4XW8Z1FmDC0Xc1ZxzTwrBvBDxpkogkT9PhsDK1Qw==",
      "dev": true,
      "license": "ISC"
    },
    "node_modules/metalsmith-collections": {
      "version": "0.9.0",
      "resolved": "https://registry.npmjs.org/metalsmith-collections/-/metalsmith-collections-0.9.0.tgz",
      "integrity": "sha512-w+HQnIkfxNOM9SYKPT8IXqwQ2yLnsdbY4ZGO+d4kbmuHagyNjcnT7fE4tHl2H8lQQtbWjh0j1DnMXWDg3dpdIw==",
      "deprecated": "This package is no longer maintained and has moved to the @metalsmith org; Please migrate to the following package: @metalsmith/collections",
      "dev": true,
      "license": "MIT",
      "dependencies": {
        "debug": "^2.2.0",
        "extend": "^3.0.0",
        "multimatch": "^2.1.0",
        "read-metadata": "^1.0.0",
        "uniq": "^1.0.1"
      }
    },
    "node_modules/metalsmith-collections/node_modules/debug": {
      "version": "2.6.9",
      "resolved": "https://registry.npmjs.org/debug/-/debug-2.6.9.tgz",
      "integrity": "sha512-bC7ElrdJaJnPbAP+1EotYvqZsb3ecl5wi6Bfi6BJTUcNowp6cvspg0jXznRTKDjm/E7AdgFBVeAPVMNcKGsHMA==",
      "dev": true,
      "license": "MIT",
      "dependencies": {
        "ms": "2.0.0"
      }
    },
    "node_modules/metalsmith-collections/node_modules/ms": {
      "version": "2.0.0",
      "resolved": "https://registry.npmjs.org/ms/-/ms-2.0.0.tgz",
      "integrity": "sha512-Tpp60P6IUJDTuOq/5Z8cdskzJujfwqfOTkrwIwj7IRISpnkJnT6SyJ4PCPnGMoFjC9ddhal5KVIYtAt97ix05A==",
      "dev": true,
      "license": "MIT"
    },
    "node_modules/metalsmith-copy": {
      "version": "0.4.1",
      "resolved": "https://registry.npmjs.org/metalsmith-copy/-/metalsmith-copy-0.4.1.tgz",
      "integrity": "sha512-9Xs+gd/fH5G+6OEctPVPJa0kfZgB/iWzcnLW9TBByIC4uVIpV33c0h9/oJTQfHBNY0i0tf41s7tdaMPYsr1gfw==",
      "dev": true,
      "license": "MIT",
      "dependencies": {
        "debug": "^3.1.0",
        "lodash": "^4.17.10",
        "minimatch": "^3.0.2"
      }
    },
    "node_modules/metalsmith-copy/node_modules/debug": {
      "version": "3.2.7",
      "resolved": "https://registry.npmjs.org/debug/-/debug-3.2.7.tgz",
      "integrity": "sha512-CFjzYYAi4ThfiQvizrFQevTTXHtnCqWfe7x1AhgEscTz6ZbLbfoLRLPugTQyBth6f8ZERVUSyWHFD/7Wu4t1XQ==",
      "dev": true,
      "license": "MIT",
      "dependencies": {
        "ms": "^2.1.1"
      }
    },
    "node_modules/metalsmith-date-formatter": {
      "version": "1.0.2",
      "resolved": "https://registry.npmjs.org/metalsmith-date-formatter/-/metalsmith-date-formatter-1.0.2.tgz",
      "integrity": "sha512-s010/SJEvSPSPveSMBxdLlhG+HbacLP51w9u8oboAZVuEL6F7v9vgiYWVBFFs8OoBPCrhN+Wn20geJt7kF0LWw==",
      "dev": true,
      "license": "MIT",
      "dependencies": {
        "lodash.isarray": "^3.0.3",
        "lodash.isempty": "^3.0.4",
        "lodash.isstring": "^3.0.1",
        "lodash.transform": "^3.0.3",
        "moment": "^2.10.3"
      }
    },
    "node_modules/metalsmith-layouts": {
      "version": "1.8.1",
      "resolved": "https://registry.npmjs.org/metalsmith-layouts/-/metalsmith-layouts-1.8.1.tgz",
      "integrity": "sha512-zy4LM1q1zwOmlq/i8WISKF6InqhxjDkJv24XeLy6lqRr39Sy3R8tKLUppzC+VBKaixds/XnDOvuEeYDgzZDpNQ==",
      "deprecated": "This package is no longer maintained and has moved to the @metalsmith org; Please migrate to the following package: @metalsmith/layouts",
      "dev": true,
      "license": "MIT",
      "dependencies": {
        "async": "^1.3.0",
        "consolidate": "^0.14.0",
        "debug": "^2.2.0",
        "extend": "^3.0.0",
        "fs-readdir-recursive": "^1.0.0",
        "is-utf8": "^0.2.0",
        "lodash.omit": "^4.0.2",
        "multimatch": "^2.0.0"
      }
    },
    "node_modules/metalsmith-layouts/node_modules/debug": {
      "version": "2.6.9",
      "resolved": "https://registry.npmjs.org/debug/-/debug-2.6.9.tgz",
      "integrity": "sha512-bC7ElrdJaJnPbAP+1EotYvqZsb3ecl5wi6Bfi6BJTUcNowp6cvspg0jXznRTKDjm/E7AdgFBVeAPVMNcKGsHMA==",
      "dev": true,
      "license": "MIT",
      "dependencies": {
        "ms": "2.0.0"
      }
    },
    "node_modules/metalsmith-layouts/node_modules/ms": {
      "version": "2.0.0",
      "resolved": "https://registry.npmjs.org/ms/-/ms-2.0.0.tgz",
      "integrity": "sha512-Tpp60P6IUJDTuOq/5Z8cdskzJujfwqfOTkrwIwj7IRISpnkJnT6SyJ4PCPnGMoFjC9ddhal5KVIYtAt97ix05A==",
      "dev": true,
      "license": "MIT"
    },
    "node_modules/metalsmith-markdown": {
      "version": "1.3.0",
      "resolved": "https://registry.npmjs.org/metalsmith-markdown/-/metalsmith-markdown-1.3.0.tgz",
      "integrity": "sha512-wStYRbJIYwNTDtHmVfb6RjNfFB+DkloIoQr600pXT2QRnbqMsdnAdSVfPjXX+vP7upCulZmp/xlcYzfDxKpx1w==",
      "dev": true,
      "license": "MIT",
      "dependencies": {
        "debug": "^4.1.1",
        "marked": "^0.7.0"
      }
    },
    "node_modules/metalsmith-pagination": {
      "version": "1.5.0",
      "resolved": "https://registry.npmjs.org/metalsmith-pagination/-/metalsmith-pagination-1.5.0.tgz",
      "integrity": "sha512-AN8ml5fYW8PYVHiBTLALXWuxwQbO3SlV4ViY3V4cGe8y1/w+3OTHyBapGzOWn6NXY4kR4rhWwVNsh27oVZlAjw==",
      "dev": true,
      "license": "MIT",
      "dependencies": {
        "to-function": "^2.0.5",
        "xtend": "^4.0.0"
      }
    },
    "node_modules/metalsmith-paths": {
      "version": "4.0.6",
      "resolved": "https://registry.npmjs.org/metalsmith-paths/-/metalsmith-paths-4.0.6.tgz",
      "integrity": "sha512-lPZ+JH0PsOu4LP490/FTdljWwjUZfIcGb80fCq4Ql+Wtx8zDwBelG9nrzdOQpU1LKUBisXT5Ji3aIMoihsHBWw==",
      "dev": true,
      "license": "MIT",
      "dependencies": {
        "sinon": "^15.0.1"
      },
      "engines": {
        "node": ">=14"
      },
      "funding": {
        "type": "individual",
        "url": "https://github.com/sponsors/ahmadnassri"
      }
    },
    "node_modules/metalsmith-permalinks": {
      "version": "0.5.0",
      "resolved": "https://registry.npmjs.org/metalsmith-permalinks/-/metalsmith-permalinks-0.5.0.tgz",
      "integrity": "sha512-UqkC/W+qaYdiOw380Z4+2PchUa0/6RaUlqSbQeX4xb6VZWZJ8rN3Hv42m/dVqa16DRC27jNz5mPV4AwQ3BtTKg==",
      "deprecated": "No longer maintained; Migrate to the following package: @metalsmith/permalinks",
      "dev": true,
      "license": "MIT",
      "dependencies": {
        "debug": "~0.7.4",
        "moment": "^2.5.1",
        "slug-component": "~1.1.0",
        "substitute": "https://github.com/segmentio/substitute/archive/0.0.1.tar.gz"
      }
    },
    "node_modules/metalsmith-permalinks/node_modules/debug": {
      "version": "0.7.4",
      "resolved": "https://registry.npmjs.org/debug/-/debug-0.7.4.tgz",
      "integrity": "sha512-EohAb3+DSHSGx8carOSKJe8G0ayV5/i609OD0J2orCkuyae7SyZSz2aoLmQF2s0Pj5gITDebwPH7GFBlqOUQ1Q==",
      "dev": true,
      "engines": {
        "node": "*"
      }
    },
    "node_modules/metalsmith-sitemap": {
      "version": "1.2.2",
      "resolved": "https://registry.npmjs.org/metalsmith-sitemap/-/metalsmith-sitemap-1.2.2.tgz",
      "integrity": "sha512-6R1ocHu5MVWG5I6EvKWXG/kwpDiIEd3Ofq2hXB0MLi8n0yFkN7O900GscoQjtLTdcQ18v1+uHeQ/UjJHrPatPg==",
      "dev": true,
      "license": "MIT",
      "dependencies": {
        "is": "^3.0.1",
        "lodash.get": "^3.7.0",
        "lodash.identity": "^3.0.0",
        "lodash.pick": "^3.1.0",
        "multimatch": "^2.0.0",
        "sitemap": "^1.1.1"
      }
    },
    "node_modules/micromatch": {
      "version": "4.0.8",
      "resolved": "https://registry.npmjs.org/micromatch/-/micromatch-4.0.8.tgz",
      "integrity": "sha512-PXwfBhYu0hBCPw8Dn0E+WDYb7af3dSLVWKi3HGv84IdF4TyFoC0ysxFd0Goxw7nSv4T/PzEJQxsYsEiFCKo2BA==",
      "dev": true,
      "license": "MIT",
      "dependencies": {
        "braces": "^3.0.3",
        "picomatch": "^2.3.1"
      },
      "engines": {
        "node": ">=8.6"
      }
    },
    "node_modules/minimatch": {
      "version": "3.1.5",
      "resolved": "https://registry.npmjs.org/minimatch/-/minimatch-3.1.5.tgz",
      "integrity": "sha512-VgjWUsnnT6n+NUk6eZq77zeFdpW2LWDzP6zFGrCbHXiYNul5Dzqk2HHQ5uFH2DNW5Xbp8+jVzaeNt94ssEEl4w==",
      "dev": true,
      "license": "ISC",
      "dependencies": {
        "brace-expansion": "^1.1.7"
      },
      "engines": {
        "node": "*"
      }
    },
    "node_modules/minimist": {
      "version": "1.2.8",
      "resolved": "https://registry.npmjs.org/minimist/-/minimist-1.2.8.tgz",
      "integrity": "sha512-2yyAR8qBkN3YuheJanUpWC5U3bb5osDywNB8RzDVlDwDHbocAJveqqj1u8+SVD7jkWT4yvsHCpWqqWqAxb0zCA==",
      "dev": true,
      "license": "MIT",
      "funding": {
        "url": "https://github.com/sponsors/ljharb"
      }
    },
    "node_modules/moment": {
      "version": "2.30.1",
      "resolved": "https://registry.npmjs.org/moment/-/moment-2.30.1.tgz",
      "integrity": "sha512-uEmtNhbDOrWPFS+hdjFCBfy9f2YoyzRpwcl+DqpC6taX21FzsTLQVbMV/W7PzNSX6x/bhC1zA3c2UQ5NzH6how==",
      "dev": true,
      "license": "MIT",
      "engines": {
        "node": "*"
      }
    },
    "node_modules/ms": {
      "version": "2.1.3",
      "resolved": "https://registry.npmjs.org/ms/-/ms-2.1.3.tgz",
      "integrity": "sha512-6FlzubTLZG3J2a/NVCAleEhjzq5oxgHyaCU9yYXvcLsvoVaHJq/s5xXI6/XXP6tz7R9xAOtHnSO/tXtF3WRTlA==",
      "dev": true,
      "license": "MIT"
    },
    "node_modules/multimatch": {
      "version": "2.1.0",
      "resolved": "https://registry.npmjs.org/multimatch/-/multimatch-2.1.0.tgz",
      "integrity": "sha512-0mzK8ymiWdehTBiJh0vClAzGyQbdtyWqzSVx//EK4N/D+599RFlGfTAsKw2zMSABtDG9C6Ul2+t8f2Lbdjf5mA==",
      "dev": true,
      "license": "MIT",
      "dependencies": {
        "array-differ": "^1.0.0",
        "array-union": "^1.0.1",
        "arrify": "^1.0.0",
        "minimatch": "^3.0.0"
      },
      "engines": {
        "node": ">=0.10.0"
      }
    },
    "node_modules/neo-async": {
      "version": "2.6.2",
      "resolved": "https://registry.npmjs.org/neo-async/-/neo-async-2.6.2.tgz",
      "integrity": "sha512-Yd3UES5mWCSqR+qNT93S3UoYUkqAZ9lLg8a7g9rimsWmYGK8cVToA4/sF3RrshdyV3sAGMXVUmpMYOw+dLpOuw==",
      "dev": true,
      "license": "MIT"
    },
    "node_modules/nise": {
      "version": "5.1.9",
      "resolved": "https://registry.npmjs.org/nise/-/nise-5.1.9.tgz",
      "integrity": "sha512-qOnoujW4SV6e40dYxJOb3uvuoPHtmLzIk4TFo+j0jPJoC+5Z9xja5qH5JZobEPsa8+YYphMrOSwnrshEhG2qww==",
      "dev": true,
      "license": "BSD-3-Clause",
      "dependencies": {
        "@sinonjs/commons": "^3.0.0",
        "@sinonjs/fake-timers": "^11.2.2",
        "@sinonjs/text-encoding": "^0.7.2",
        "just-extend": "^6.2.0",
        "path-to-regexp": "^6.2.1"
      }
    },
    "node_modules/nise/node_modules/@sinonjs/fake-timers": {
      "version": "11.3.1",
      "resolved": "https://registry.npmjs.org/@sinonjs/fake-timers/-/fake-timers-11.3.1.tgz",
      "integrity": "sha512-EVJO7nW5M/F5Tur0Rf2z/QoMo+1Ia963RiMtapiQrEWvY0iBUvADo8Beegwjpnle5BHkyHuoxSTW3jF43H1XRA==",
      "dev": true,
      "license": "BSD-3-Clause",
      "dependencies": {
        "@sinonjs/commons": "^3.0.1"
      }
    },
    "node_modules/path-to-regexp": {
      "version": "6.3.0",
      "resolved": "https://registry.npmjs.org/path-to-regexp/-/path-to-regexp-6.3.0.tgz",
      "integrity": "sha512-Yhpw4T9C6hPpgPeA28us07OJeqZ5EzQTkbfwuhsUg0c237RomFoETJgmp2sa3F/41gfLE6G5cqcYwznmeEeOlQ==",
      "dev": true,
      "license": "MIT"
    },
    "node_modules/picomatch": {
      "version": "2.3.2",
      "resolved": "https://registry.npmjs.org/picomatch/-/picomatch-2.3.2.tgz",
      "integrity": "sha512-V7+vQEJ06Z+c5tSye8S+nHUfI51xoXIXjHQ99cQtKUkQqqO1kO/KCJUfZXuB47h/YBlDhah2H3hdUGXn8ie0oA==",
      "dev": true,
      "license": "MIT",
      "engines": {
        "node": ">=8.6"
      },
      "funding": {
        "url": "https://github.com/sponsors/jonschlinkert"
      }
    },
    "node_modules/read-metadata": {
      "version": "1.0.0",
      "resolved": "https://registry.npmjs.org/read-metadata/-/read-metadata-1.0.0.tgz",
      "integrity": "sha512-XJdiOrkzOlIac9vXNvgp/4I8qj9EPuHlbf/eoX2rusLFjdKjp0TQ82V3cj+AFjXBzzoZ1TaqAtHnGsR3UdO1Gw==",
      "dev": true,
      "license": "MIT",
      "dependencies": {
        "yaml-js": "0.0.8"
      }
    },
    "node_modules/readdirp": {
      "version": "4.1.2",
      "resolved": "https://registry.npmjs.org/readdirp/-/readdirp-4.1.2.tgz",
      "integrity": "sha512-GDhwkLfywWL2s6vEjyhri+eXmfH6j1L7JE27WhqLeYzoh/A3DBaYGEj2H/HFZCn/kMfim73FXxEJTw06WtxQwg==",
      "dev": true,
      "license": "MIT",
      "engines": {
        "node": ">= 14.18.0"
      },
      "funding": {
        "type": "individual",
        "url": "https://paulmillr.com/funding/"
      }
    },
    "node_modules/sassline": {
      "version": "2.1.2",
      "resolved": "https://registry.npmjs.org/sassline/-/sassline-2.1.2.tgz",
      "integrity": "sha512-R3oNrwBdguoZlQnUOCGNkT9CnVNNxUe2qdUU+XUcDmEuqWTzu/g/QbANnO0tKWR/vGe/TXyT/36qDeOpWvZL0Q==",
      "license": "MIT"
    },
    "node_modules/section-matter": {
      "version": "1.0.0",
      "resolved": "https://registry.npmjs.org/section-matter/-/section-matter-1.0.0.tgz",
      "integrity": "sha512-vfD3pmTzGpufjScBh50YHKzEu2lxBWhVEHsNGoEXmCmn2hKGfeNLYMzCJpe8cD7gqX7TJluOVpBkAequ6dgMmA==",
      "dev": true,
      "license": "MIT",
      "dependencies": {
        "extend-shallow": "^2.0.1",
        "kind-of": "^6.0.0"
      },
      "engines": {
        "node": ">=4"
      }
    },
    "node_modules/sinon": {
      "version": "15.2.0",
      "resolved": "https://registry.npmjs.org/sinon/-/sinon-15.2.0.tgz",
      "integrity": "sha512-nPS85arNqwBXaIsFCkolHjGIkFo+Oxu9vbgmBJizLAhqe6P2o3Qmj3KCUoRkfhHtvgDhZdWD3risLHAUJ8npjw==",
      "deprecated": "16.1.1",
      "dev": true,
      "license": "BSD-3-Clause",
      "dependencies": {
        "@sinonjs/commons": "^3.0.0",
        "@sinonjs/fake-timers": "^10.3.0",
        "@sinonjs/samsam": "^8.0.0",
        "diff": "^5.1.0",
        "nise": "^5.1.4",
        "supports-color": "^7.2.0"
      },
      "funding": {
        "type": "opencollective",
        "url": "https://opencollective.com/sinon"
      }
    },
    "node_modules/sitemap": {
      "version": "1.13.0",
      "resolved": "https://registry.npmjs.org/sitemap/-/sitemap-1.13.0.tgz",
      "integrity": "sha512-++mJIYR1+WpO1m0iqZv9viGmalxkm6r8Zq8OOFcFzx3aLlXU50T0JV3pvr6WHyFkwudlXmt190ZRbtH3yOm3Hg==",
      "dev": true,
      "dependencies": {
        "underscore": "^1.7.0",
        "url-join": "^1.1.0"
      }
    },
    "node_modules/slug-component": {
      "version": "1.1.0",
      "resolved": "https://registry.npmjs.org/slug-component/-/slug-component-1.1.0.tgz",
      "integrity": "sha512-i8vZxFl9R/S3Nk0Xb85SmmGy2cOyVWJyyESJByiFx/39y1kAIFhhiz1HrDMkJdq3mXfnhsti7bIWmPAxZOrndQ==",
      "dev": true,
      "license": "MIT"
    },
    "node_modules/source-map": {
      "version": "0.6.1",
      "resolved": "https://registry.npmjs.org/source-map/-/source-map-0.6.1.tgz",
      "integrity": "sha512-UjgapumWlbMhkBgzT7Ykc5YXUT46F0iKu8SGXq0bcwP5dz/h0Plj6enJqjz1Zbq2l5WaqYnrVbwWOWMyF3F47g==",
      "dev": true,
      "license": "BSD-3-Clause",
      "engines": {
        "node": ">=0.10.0"
      }
    },
    "node_modules/sprintf-js": {
      "version": "1.0.3",
      "resolved": "https://registry.npmjs.org/sprintf-js/-/sprintf-js-1.0.3.tgz",
      "integrity": "sha512-D9cPgkvLlV3t3IzL0D0YLvGA9Ahk4PcvVwUbN0dSGr1aP0Nrt4AEnTUbuGvquEC0mA64Gqt1fzirlRs5ibXx8g==",
      "dev": true,
      "license": "BSD-3-Clause"
    },
    "node_modules/stat-mode": {
      "version": "1.0.0",
      "resolved": "https://registry.npmjs.org/stat-mode/-/stat-mode-1.0.0.tgz",
      "integrity": "sha512-jH9EhtKIjuXZ2cWxmXS8ZP80XyC3iasQxMDV8jzhNJpfDb7VbQLVW4Wvsxz9QZvzV+G4YoSfBUVKDOyxLzi/sg==",
      "dev": true,
      "license": "MIT",
      "engines": {
        "node": ">= 6"
      }
    },
    "node_modules/strip-bom-string": {
      "version": "1.0.0",
      "resolved": "https://registry.npmjs.org/strip-bom-string/-/strip-bom-string-1.0.0.tgz",
      "integrity": "sha512-uCC2VHvQRYu+lMh4My/sFNmF2klFymLX1wHJeXnbEJERpV/ZsVuonzerjfrGpIGF7LBVa1O7i9kjiWvJiFck8g==",
      "dev": true,
      "license": "MIT",
      "engines": {
        "node": ">=0.10.0"
      }
    },
    "node_modules/substitute": {
      "version": "0.0.1",
      "resolved": "https://github.com/segmentio/substitute/archive/0.0.1.tar.gz",
      "integrity": "sha512-EnlQz7Yu+hwB9lqjP4MfEJaDDARyba6zXvFPYhDHj93LR8jtivHJEouukvaMm9ykXAxVf5TSGrkfMlutax+pGA==",
      "dev": true
    },
    "node_modules/supports-color": {
      "version": "7.2.0",
      "resolved": "https://registry.npmjs.org/supports-color/-/supports-color-7.2.0.tgz",
      "integrity": "sha512-qpCAvRl9stuOHveKsn7HncJRvv501qIacKzQlO/+Lwxc9+0q2wLyv4Dfvt80/DPn2pqOBsJdDiogXGR9+OvwRw==",
      "dev": true,
      "license": "MIT",
      "dependencies": {
        "has-flag": "^4.0.0"
      },
      "engines": {
        "node": ">=8"
      }
    },
    "node_modules/to-function": {
      "version": "2.0.6",
      "resolved": "https://registry.npmjs.org/to-function/-/to-function-2.0.6.tgz",
      "integrity": "sha512-LWfUmW851x5T8+78Nl82CA2j6w0trhoFj4rpS6pFUMgfUMUySDAKPgTvQkUqlWuH3Lihlk5sPyDHSVwmKDSc5Q==",
      "dev": true,
      "dependencies": {
        "component-props": "*"
      }
    },
    "node_modules/to-regex-range": {
      "version": "5.0.1",
      "resolved": "https://registry.npmjs.org/to-regex-range/-/to-regex-range-5.0.1.tgz",
      "integrity": "sha512-65P7iz6X5yEr1cwcgvQxbbIw7Uk3gOy5dIdtZ4rDveLqhrdJP+Li/Hx6tyK0NEb+2GCyneCMJiGqrADCSNk8sQ==",
      "dev": true,
      "license": "MIT",
      "dependencies": {
        "is-number": "^7.0.0"
      },
      "engines": {
        "node": ">=8.0"
      }
    },
    "node_modules/type-detect": {
      "version": "4.0.8",
      "resolved": "https://registry.npmjs.org/type-detect/-/type-detect-4.0.8.tgz",
      "integrity": "sha512-0fr/mIH1dlO+x7TlcMy+bIDqKPsw/70tVyeHW787goQjhmqaZe10uwLujubK9q9Lg6Fiho1KUKDYz0Z7k7g5/g==",
      "dev": true,
      "license": "MIT",
      "engines": {
        "node": ">=4"
      }
    },
    "node_modules/uglify-js": {
      "version": "3.19.3",
      "resolved": "https://registry.npmjs.org/uglify-js/-/uglify-js-3.19.3.tgz",
      "integrity": "sha512-v3Xu+yuwBXisp6QYTcH4UbH+xYJXqnq2m/LtQVWKWzYc1iehYnLixoQDN9FH6/j9/oybfd6W9Ghwkl8+UMKTKQ==",
      "dev": true,
      "license": "BSD-2-Clause",
      "optional": true,
      "bin": {
        "uglifyjs": "bin/uglifyjs"
      },
      "engines": {
        "node": ">=0.8.0"
      }
    },
    "node_modules/underscore": {
      "version": "1.13.8",
      "resolved": "https://registry.npmjs.org/underscore/-/underscore-1.13.8.tgz",
      "integrity": "sha512-DXtD3ZtEQzc7M8m4cXotyHR+FAS18C64asBYY5vqZexfYryNNnDc02W4hKg3rdQuqOYas1jkseX0+nZXjTXnvQ==",
      "dev": true,
      "license": "MIT"
    },
    "node_modules/uniq": {
      "version": "1.0.1",
      "resolved": "https://registry.npmjs.org/uniq/-/uniq-1.0.1.tgz",
      "integrity": "sha512-Gw+zz50YNKPDKXs+9d+aKAjVwpjNwqzvNpLigIruT4HA9lMZNdMqs9x07kKHB/L9WRzqp4+DlTU5s4wG2esdoA==",
      "dev": true,
      "license": "MIT"
    },
    "node_modules/url-join": {
      "version": "1.1.0",
      "resolved": "https://registry.npmjs.org/url-join/-/url-join-1.1.0.tgz",
      "integrity": "sha512-zz1wZk4Lb5PTVwZ3HWDmm8XnlPvmOof6/fjdDPA5yBrUcbtV64U6bV832Zf1BtU2WkBBWaUT46wCs+l0HP5nhg==",
      "dev": true,
      "license": "MIT"
    },
    "node_modules/ware": {
      "version": "1.3.0",
      "resolved": "https://registry.npmjs.org/ware/-/ware-1.3.0.tgz",
      "integrity": "sha512-Y2HUDMktriUm+SR2gZWxlrszcgtXExlhQYZ8QJNYbl22jum00KIUcHJ/h/sdAXhWTJcbSkiMYN9Z2tWbWYSrrw==",
      "dev": true,
      "license": "MIT",
      "dependencies": {
        "wrap-fn": "^0.1.0"
      }
    },
    "node_modules/wordwrap": {
      "version": "1.0.0",
      "resolved": "https://registry.npmjs.org/wordwrap/-/wordwrap-1.0.0.tgz",
      "integrity": "sha512-gvVzJFlPycKc5dZN4yPkP8w7Dc37BtP1yczEneOb4uq34pXZcvrtRTmWV8W+Ume+XCxKgbjM+nevkyFPMybd4Q==",
      "dev": true,
      "license": "MIT"
    },
    "node_modules/wrap-fn": {
      "version": "0.1.5",
      "resolved": "https://registry.npmjs.org/wrap-fn/-/wrap-fn-0.1.5.tgz",
      "integrity": "sha512-xDLdGx0M8JQw9QDAC9s5NUxtg9MI09F6Vbxa2LYoSoCvzJnx2n81YMIfykmXEGsUvuLaxnblJTzhSOjUOX37ag==",
      "dev": true,
      "license": "MIT",
      "dependencies": {
        "co": "3.1.0"
      }
    },
    "node_modules/xtend": {
      "version": "4.0.2",
      "resolved": "https://registry.npmjs.org/xtend/-/xtend-4.0.2.tgz",
      "integrity": "sha512-LKYU1iAXJXUgAXn9URjiu+MWhyUXHsvfp7mcuYm9dSUKK0/CjtrUwFAxD82/mCWbtLsGjFIad0wIsod4zrTAEQ==",
      "dev": true,
      "license": "MIT",
      "engines": {
        "node": ">=0.4"
      }
    },
    "node_modules/yaml-js": {
      "version": "0.0.8",
      "resolved": "https://registry.npmjs.org/yaml-js/-/yaml-js-0.0.8.tgz",
      "integrity": "sha512-XCqDFUhDO3yhT+Rb/inT3uiC8ekx2lXHDgDeXY8V0Lgkx4yEhzhxraYQxtuajydIrx8L8KmF9OeKCDlyCjvnMQ==",
      "dev": true,
      "license": "WTFPL"
    }
  }
}
